{
  "name": "@agentidentitytrustprotocol/aitp",
  "version": "0.5.0",
  "lockfileVersion": 3,
  "requires": true,
  "packages": {
    "": {
      "name": "@agentidentitytrustprotocol/aitp",
      "version": "0.5.0",
      "license": "MIT OR Apache-2.0",
      "dependencies": {
        "jose": "^6.2.3"
      },
      "devDependencies": {
        "@napi-rs/cli": "^2.18.0",
        "node-forge": "^1.4.0"
      },
      "engines": {
        "node": ">=16"
      },
      "optionalDependencies": {
        "@agentidentitytrustprotocol/aitp-darwin-arm64": "0.5.0",
        "@agentidentitytrustprotocol/aitp-darwin-x64": "0.5.0",
        "@agentidentitytrustprotocol/aitp-linux-arm64-gnu": "0.5.0",
        "@agentidentitytrustprotocol/aitp-linux-x64-gnu": "0.5.0"
      }
    },
    "node_modules/@agentidentitytrustprotocol/aitp-darwin-arm64": {
      "version": "0.5.0",
      "resolved": "https://registry.npmjs.org/@agentidentitytrustprotocol/aitp-darwin-arm64/-/aitp-darwin-arm64-0.5.0.tgz",
      "integrity": "sha512-ceqpkp3+BXLvAS1KiLoK6KH5xijxDGQ8vpyVgkdqOCVIc0eUeDchm2AB+jMzP1RmPi9hFaPhYZtmL12q/an2ZA==",
      "cpu": [
        "arm64"
      ],
      "license": "MIT OR Apache-2.0",
      "optional": true,
      "os": [
        "darwin"
      ],
      "engines": {
        "node": ">=16"
      }
    },
    "node_modules/@agentidentitytrustprotocol/aitp-darwin-x64": {
      "version": "0.5.0",
      "resolved": "https://registry.npmjs.org/@agentidentitytrustprotocol/aitp-darwin-x64/-/aitp-darwin-x64-0.5.0.tgz",
      "integrity": "sha512-QVILlFNuJR9UtUi+dMXV4k5kH8Z1az87jlg7V8RU8NOpuCqDqbwY5FsjssNFQ3KTUzQXsG4f0uuZoz8T2TGWiw==",
      "cpu": [
        "x64"
      ],
      "license": "MIT OR Apache-2.0",
      "optional": true,
      "os": [
        "darwin"
      ],
      "engines": {
        "node": ">=16"
      }
    },
    "node_modules/@agentidentitytrustprotocol/aitp-linux-arm64-gnu": {
      "version": "0.5.0",
      "resolved": "https://registry.npmjs.org/@agentidentitytrustprotocol/aitp-linux-arm64-gnu/-/aitp-linux-arm64-gnu-0.5.0.tgz",
      "integrity": "sha512-DS4hyqBFgMSAIJQQFLwmzaJKMJd3WoRH7JrTJ5Js/fzPhXXt1PyIwiZp9Z+mMyJFUOuhhgcE+VBK1hAYwbrkbA==",
      "cpu": [
        "arm64"
      ],
      "license": "MIT OR Apache-2.0",
      "optional": true,
      "os": [
        "linux"
      ],
      "engines": {
        "node": ">=16"
      }
    },
    "node_modules/@agentidentitytrustprotocol/aitp-linux-x64-gnu": {
      "version": "0.5.0",
      "resolved": "https://registry.npmjs.org/@agentidentitytrustprotocol/aitp-linux-x64-gnu/-/aitp-linux-x64-gnu-0.5.0.tgz",
      "integrity": "sha512-mWximX8Dn9VJR/VYF5UGIuV1AyY6S9P/PVdkt5C27r+KgoB0DVPkvP+scFg8yvMOrL4cl04JW1a9QyxmqioRiA==",
      "cpu": [
        "x64"
      ],
      "license": "MIT OR Apache-2.0",
      "optional": true,
      "os": [
        "linux"
      ],
      "engines": {
        "node": ">=16"
      }
    },
    "node_modules/@napi-rs/cli": {
      "version": "2.18.4",
      "resolved": "https://registry.npmjs.org/@napi-rs/cli/-/cli-2.18.4.tgz",
      "integrity": "sha512-SgJeA4df9DE2iAEpr3M2H0OKl/yjtg1BnRI5/JyowS71tUWhrfSu2LT0V3vlHET+g1hBVlrO60PmEXwUEKp8Mg==",
      "dev": true,
      "license": "MIT",
      "bin": {
        "napi": "scripts/index.js"
      },
      "engines": {
        "node": ">= 10"
      },
      "funding": {
        "type": "github",
        "url": "https://github.com/sponsors/Brooooooklyn"
      }
    },
    "node_modules/jose": {
      "version": "6.2.10",
      "resolved": "https://registry.npmjs.org/jose/-/jose-6.2.10.tgz",
      "integrity": "sha512-iiW7J9qRFlGxvCOIBDBDxFePQSn7ZMAnrYGhrrOo6siO/MIqwfyilLR27pkfDgUk+raLuzADS8A3S/KLBisc0g==",
      "license": "MIT",
      "funding": {
        "url": "https://github.com/sponsors/panva"
      }
    },
    "node_modules/node-forge": {
      "version": "1.4.0",
      "resolved": "https://registry.npmjs.org/node-forge/-/node-forge-1.4.0.tgz",
      "integrity": "sha512-LarFH0+6VfriEhqMMcLX2F7SwSXeWwnEAJEsYm5QKWchiVYVvJyV9v7UDvUv+w5HO23ZpQTXDv/GxdDdMyOuoQ==",
      "dev": true,
      "license": "(BSD-3-Clause OR GPL-2.0)",
      "engines": {
        "node": ">= 6.13.0"
      }
    }
  }
}
